
Microsoft Visual Studio Solution File, Format Version 12.00
# Visual Studio 14
VisualStudioVersion = 14.0.25123.0
MinimumVisualStudioVersion = 10.0.40219.1
Project("{FAE04EC0-301F-11D3-BF4B-00C04F79EFBC}") = "Pl_Scr", "Pl_Scr\Pl_Scr.csproj", "{15E8BD1C-D11D-4C35-97D3-14F77D061A2F}"
EndProject
Project("{FAE04EC0-301F-11D3-BF4B-00C04F79EFBC}") = "Html_Xlsx_Conv", "Html_Xlsx_Conv\Html_Xlsx_Conv.csproj", "{69913063-6D8C-47D6-AE43-6B5C2A3757E5}"
EndProject
Global
	GlobalSection(SolutionConfigurationPlatforms) = preSolution
		Debug|Any CPU = Debug|Any CPU
		Release|Any CPU = Release|Any CPU
	EndGlobalSection
	GlobalSection(ProjectConfigurationPlatforms) = postSolution
		{15E8BD1C-D11D-4C35-97D3-14F77D061A2F}.Debug|Any CPU.ActiveCfg = Debug|Any CPU
		{15E8BD1C-D11D-4C35-97D3-14F77D061A2F}.Debug|Any CPU.Build.0 = Debug|Any CPU
		{15E8BD1C-D11D-4C35-97D3-14F77D061A2F}.Release|Any CPU.ActiveCfg = Release|Any CPU
		{15E8BD1C-D11D-4C35-97D3-14F77D061A2F}.Release|Any CPU.Build.0 = Release|Any CPU
		{69913063-6D8C-47D6-AE43-6B5C2A3757E5}.Debug|Any CPU.ActiveCfg = Debug|Any CPU
		{69913063-6D8C-47D6-AE43-6B5C2A3757E5}.Debug|Any CPU.Build.0 = Debug|Any CPU
		{69913063-6D8C-47D6-AE43-6B5C2A3757E5}.Release|Any CPU.ActiveCfg = Release|Any CPU
		{69913063-6D8C-47D6-AE43-6B5C2A3757E5}.Release|Any CPU.Build.0 = Release|Any CPU
	EndGlobalSection
	GlobalSection(SolutionProperties) = preSolution
		HideSolutionNode = FALSE
	EndGlobalSection
EndGlobal
